
Microsoft Visual Studio Solution File, Format Version 12.00
# Visual Studio 15
VisualStudioVersion = 15.0.28307.779
MinimumVisualStudioVersion = 10.0.40219.1
Project("{FAE04EC0-301F-11D3-BF4B-00C04F79EFBC}") = "TravelExpertsProject207", "TravelExpertsProject207\TravelExpertsProject207.csproj", "{A625E4EA-42F4-4239-8C55-0FEABC2ABB9E}"
EndProject
Project("{FAE04EC0-301F-11D3-BF4B-00C04F79EFBC}") = "WebClassLibrary", "WebClassLibrary\WebClassLibrary.csproj", "{424A9066-6DA6-4279-803C-EFD645B538F7}"
EndProject
Global
	GlobalSection(SolutionConfigurationPlatforms) = preSolution
		Debug|Any CPU = Debug|Any CPU
		Release|Any CPU = Release|Any CPU
	EndGlobalSection
	GlobalSection(ProjectConfigurationPlatforms) = postSolution
		{A625E4EA-42F4-4239-8C55-0FEABC2ABB9E}.Debug|Any CPU.ActiveCfg = Debug|Any CPU
		{A625E4EA-42F4-4239-8C55-0FEABC2ABB9E}.Debug|Any CPU.Build.0 = Debug|Any CPU
		{A625E4EA-42F4-4239-8C55-0FEABC2ABB9E}.Release|Any CPU.ActiveCfg = Release|Any CPU
		{A625E4EA-42F4-4239-8C55-0FEABC2ABB9E}.Release|Any CPU.Build.0 = Release|Any CPU
		{424A9066-6DA6-4279-803C-EFD645B538F7}.Debug|Any CPU.ActiveCfg = Debug|Any CPU
		{424A9066-6DA6-4279-803C-EFD645B538F7}.Debug|Any CPU.Build.0 = Debug|Any CPU
		{424A9066-6DA6-4279-803C-EFD645B538F7}.Release|Any CPU.ActiveCfg = Release|Any CPU
		{424A9066-6DA6-4279-803C-EFD645B538F7}.Release|Any CPU.Build.0 = Release|Any CPU
	EndGlobalSection
	GlobalSection(SolutionProperties) = preSolution
		HideSolutionNode = FALSE
	EndGlobalSection
	GlobalSection(ExtensibilityGlobals) = postSolution
		SolutionGuid = {FA8A10E6-2781-429C-B783-201171253E1C}
	EndGlobalSection
EndGlobal
